
Microsoft Visual Studio Solution File, Format Version 12.00
# Visual Studio 15
VisualStudioVersion = 15.0.27130.2036
MinimumVisualStudioVersion = 10.0.40219.1
Project("{FAE04EC0-301F-11D3-BF4B-00C04F79EFBC}") = "PrismNetCoreLoggingApp", "PrismNetCoreLoggingApp\PrismNetCoreLoggingApp\PrismNetCoreLoggingApp.csproj", "{1B6E3C7F-1C5A-4F04-809D-23649111BA8F}"
EndProject
Project("{FAE04EC0-301F-11D3-BF4B-00C04F79EFBC}") = "PrismNetCoreLoggingApp.Android", "PrismNetCoreLoggingApp\PrismNetCoreLoggingApp.Android\PrismNetCoreLoggingApp.Android.csproj", "{E318DBD7-5D68-4C30-AF23-7BE6F43F8AFF}"
EndProject
Project("{FAE04EC0-301F-11D3-BF4B-00C04F79EFBC}") = "PrismNetCoreLoggingApp.iOS", "PrismNetCoreLoggingApp\PrismNetCoreLoggingApp.iOS\PrismNetCoreLoggingApp.iOS.csproj", "{950C8E24-5EC3-472D-88FE-74D3F8190BD0}"
EndProject
Project("{FAE04EC0-301F-11D3-BF4B-00C04F79EFBC}") = "PrismNetCoreLoggingApp.UWP", "PrismNetCoreLoggingApp\PrismNetCoreLoggingApp.UWP\PrismNetCoreLoggingApp.UWP.csproj", "{9D543B6C-1DF0-434A-A7E6-EC4DED7A4EF4}"
EndProject
Global
	GlobalSection(SolutionConfigurationPlatforms) = preSolution
		Ad-Hoc|Any CPU = Ad-Hoc|Any CPU
		Ad-Hoc|ARM = Ad-Hoc|ARM
		Ad-Hoc|iPhone = Ad-Hoc|iPhone
		Ad-Hoc|iPhoneSimulator = Ad-Hoc|iPhoneSimulator
		Ad-Hoc|x64 = Ad-Hoc|x64
		Ad-Hoc|x86 = Ad-Hoc|x86
		AppStore|Any CPU = AppStore|Any CPU
		AppStore|ARM = AppStore|ARM
		AppStore|iPhone = AppStore|iPhone
		AppStore|iPhoneSimulator = AppStore|iPhoneSimulator
		AppStore|x64 = AppStore|x64
		AppStore|x86 = AppStore|x86
		Debug|Any CPU = Debug|Any CPU
		Debug|ARM = Debug|ARM
		Debug|iPhone = Debug|iPhone
		Debug|iPhoneSimulator = Debug|iPhoneSimulator
		Debug|x64 = Debug|x64
		Debug|x86 = Debug|x86
		Release|Any CPU = Release|Any CPU
		Release|ARM = Release|ARM
		Release|iPhone = Release|iPhone
		Release|iPhoneSimulator = Release|iPhoneSimulator
		Release|x64 = Release|x64
		Release|x86 = Release|x86
	EndGlobalSection
	GlobalSection(ProjectConfigurationPlatforms) = postSolution
		{1B6E3C7F-1C5A-4F04-809D-23649111BA8F}.Ad-Hoc|Any CPU.ActiveCfg = Debug|Any CPU
		{1B6E3C7F-1C5A-4F04-809D-23649111BA8F}.Ad-Hoc|Any CPU.Build.0 = Debug|Any CPU
		{1B6E3C7F-1C5A-4F04-809D-23649111BA8F}.Ad-Hoc|ARM.ActiveCfg = Debug|Any CPU
		{1B6E3C7F-1C5A-4F04-809D-23649111BA8F}.Ad-Hoc|ARM.Build.0 = Debug|Any CPU
		{1B6E3C7F-1C5A-4F04-809D-23649111BA8F}.Ad-Hoc|iPhone.ActiveCfg = Debug|Any CPU
		{1B6E3C7F-1C5A-4F04-809D-23649111BA8F}.Ad-Hoc|iPhone.Build.0 = Debug|Any CPU
		{1B6E3C7F-1C5A-4F04-809D-23649111BA8F}.Ad-Hoc|iPhoneSimulator.ActiveCfg = Debug|Any CPU
		{1B6E3C7F-1C5A-4F04-809D-23649111BA8F}.Ad-Hoc|iPhoneSimulator.Build.0 = Debug|Any CPU
		{1B6E3C7F-1C5A-4F04-809D-23649111BA8F}.Ad-Hoc|x64.ActiveCfg = Debug|Any CPU
		{1B6E3C7F-1C5A-4F04-809D-23649111BA8F}.Ad-Hoc|x64.Build.0 = Debug|Any CPU
		{1B6E3C7F-1C5A-4F04-809D-23649111BA8F}.Ad-Hoc|x86.ActiveCfg = Debug|Any CPU
		{1B6E3C7F-1C5A-4F04-809D-23649111BA8F}.Ad-Hoc|x86.Build.0 = Debug|Any CPU
		{1B6E3C7F-1C5A-4F04-809D-23649111BA8F}.AppStore|Any CPU.ActiveCfg = Debug|Any CPU
		{1B6E3C7F-1C5A-4F04-809D-23649111BA8F}.AppStore|Any CPU.Build.0 = Debug|Any CPU
		{1B6E3C7F-1C5A-4F04-809D-23649111BA8F}.AppStore|ARM.ActiveCfg = Debug|Any CPU
		{1B6E3C7F-1C5A-4F04-809D-23649111BA8F}.AppStore|ARM.Build.0 = Debug|Any CPU
		{1B6E3C7F-1C5A-4F04-809D-23649111BA8F}.AppStore|iPhone.ActiveCfg = Debug|Any CPU
		{1B6E3C7F-1C5A-4F04-809D-23649111BA8F}.AppStore|iPhone.Build.0 = Debug|Any CPU
		{1B6E3C7F-1C5A-4F04-809D-23649111BA8F}.AppStore|iPhoneSimulator.ActiveCfg = Debug|Any CPU
		{1B6E3C7F-1C5A-4F04-809D-23649111BA8F}.AppStore|iPhoneSimulator.Build.0 = Debug|Any CPU
		{1B6E3C7F-1C5A-4F04-809D-23649111BA8F}.AppStore|x64.ActiveCfg = Debug|Any CPU
		{1B6E3C7F-1C5A-4F04-809D-23649111BA8F}.AppStore|x64.Build.0 = Debug|Any CPU
		{1B6E3C7F-1C5A-4F04-809D-23649111BA8F}.AppStore|x86.ActiveCfg = Debug|Any CPU
		{1B6E3C7F-1C5A-4F04-809D-23649111BA8F}.AppStore|x86.Build.0 = Debug|Any CPU
		{1B6E3C7F-1C5A-4F04-809D-23649111BA8F}.Debug|Any CPU.ActiveCfg = Debug|Any CPU
		{1B6E3C7F-1C5A-4F04-809D-23649111BA8F}.Debug|Any CPU.Build.0 = Debug|Any CPU
		{1B6E3C7F-1C5A-4F04-809D-23649111BA8F}.Debug|ARM.ActiveCfg = Debug|Any CPU
		{1B6E3C7F-1C5A-4F04-809D-23649111BA8F}.Debug|ARM.Build.0 = Debug|Any CPU
		{1B6E3C7F-1C5A-4F04-809D-23649111BA8F}.Debug|iPhone.ActiveCfg = Debug|Any CPU
		{1B6E3C7F-1C5A-4F04-809D-23649111BA8F}.Debug|iPhone.Build.0 = Debug|Any CPU
		{1B6E3C7F-1C5A-4F04-809D-23649111BA8F}.Debug|iPhoneSimulator.ActiveCfg = Debug|Any CPU
		{1B6E3C7F-1C5A-4F04-809D-23649111BA8F}.Debug|iPhoneSimulator.Build.0 = Debug|Any CPU
		{1B6E3C7F-1C5A-4F04-809D-23649111BA8F}.Debug|x64.ActiveCfg = Debug|Any CPU
		{1B6E3C7F-1C5A-4F04-809D-23649111BA8F}.Debug|x64.Build.0 = Debug|Any CPU
		{1B6E3C7F-1C5A-4F04-809D-23649111BA8F}.Debug|x86.ActiveCfg = Debug|Any CPU
		{1B6E3C7F-1C5A-4F04-809D-23649111BA8F}.Debug|x86.Build.0 = Debug|Any CPU
		{1B6E3C7F-1C5A-4F04-809D-23649111BA8F}.Release|Any CPU.ActiveCfg = Release|Any CPU
		{1B6E3C7F-1C5A-4F04-809D-23649111BA8F}.Release|Any CPU.Build.0 = Release|Any CPU
		{1B6E3C7F-1C5A-4F04-809D-23649111BA8F}.Release|ARM.ActiveCfg = Release|Any CPU
		{1B6E3C7F-1C5A-4F04-809D-23649111BA8F}.Release|ARM.Build.0 = Release|Any CPU
		{1B6E3C7F-1C5A-4F04-809D-23649111BA8F}.Release|iPhone.ActiveCfg = Release|Any CPU
		{1B6E3C7F-1C5A-4F04-809D-23649111BA8F}.Release|iPhone.Build.0 = Release|Any CPU
		{1B6E3C7F-1C5A-4F04-809D-23649111BA8F}.Release|iPhoneSimulator.ActiveCfg = Release|Any CPU
		{1B6E3C7F-1C5A-4F04-809D-23649111BA8F}.Release|iPhoneSimulator.Build.0 = Release|Any CPU
		{1B6E3C7F-1C5A-4F04-809D-23649111BA8F}.Release|x64.ActiveCfg = Release|Any CPU
		{1B6E3C7F-1C5A-4F04-809D-23649111BA8F}.Release|x64.Build.0 = Release|Any CPU
		{1B6E3C7F-1C5A-4F04-809D-23649111BA8F}.Release|x86.ActiveCfg = Release|Any CPU
		{1B6E3C7F-1C5A-4F04-809D-23649111BA8F}.Release|x86.Build.0 = Release|Any CPU
		{E318DBD7-5D68-4C30-AF23-7BE6F43F8AFF}.Ad-Hoc|Any CPU.ActiveCfg = Release|Any CPU
		{E318DBD7-5D68-4C30-AF23-7BE6F43F8AFF}.Ad-Hoc|Any CPU.Build.0 = Release|Any CPU
		{E318DBD7-5D68-4C30-AF23-7BE6F43F8AFF}.Ad-Hoc|Any CPU.Deploy.0 = Release|Any CPU
		{E318DBD7-5D68-4C30-AF23-7BE6F43F8AFF}.Ad-Hoc|ARM.ActiveCfg = Release|Any CPU
		{E318DBD7-5D68-4C30-AF23-7BE6F43F8AFF}.Ad-Hoc|ARM.Build.0 = Release|Any CPU
		{E318DBD7-5D68-4C30-AF23-7BE6F43F8AFF}.Ad-Hoc|ARM.Deploy.0 = Release|Any CPU
		{E318DBD7-5D68-4C30-AF23-7BE6F43F8AFF}.Ad-Hoc|iPhone.ActiveCfg = Release|Any CPU
		{E318DBD7-5D68-4C30-AF23-7BE6F43F8AFF}.Ad-Hoc|iPhone.Build.0 = Release|Any CPU
		{E318DBD7-5D68-4C30-AF23-7BE6F43F8AFF}.Ad-Hoc|iPhone.Deploy.0 = Release|Any CPU
		{E318DBD7-5D68-4C30-AF23-7BE6F43F8AFF}.Ad-Hoc|iPhoneSimulator.ActiveCfg = Release|Any CPU
		{E318DBD7-5D68-4C30-AF23-7BE6F43F8AFF}.Ad-Hoc|iPhoneSimulator.Build.0 = Release|Any CPU
		{E318DBD7-5D68-4C30-AF23-7BE6F43F8AFF}.Ad-Hoc|iPhoneSimulator.Deploy.0 = Release|Any CPU
		{E318DBD7-5D68-4C30-AF23-7BE6F43F8AFF}.Ad-Hoc|x64.ActiveCfg = Release|Any CPU
		{E318DBD7-5D68-4C30-AF23-7BE6F43F8AFF}.Ad-Hoc|x64.Build.0 = Release|Any CPU
		{E318DBD7-5D68-4C30-AF23-7BE6F43F8AFF}.Ad-Hoc|x64.Deploy.0 = Release|Any CPU
		{E318DBD7-5D68-4C30-AF23-7BE6F43F8AFF}.Ad-Hoc|x86.ActiveCfg = Release|Any CPU
		{E318DBD7-5D68-4C30-AF23-7BE6F43F8AFF}.Ad-Hoc|x86.Build.0 = Release|Any CPU
		{E318DBD7-5D68-4C30-AF23-7BE6F43F8AFF}.Ad-Hoc|x86.Deploy.0 = Release|Any CPU
		{E318DBD7-5D68-4C30-AF23-7BE6F43F8AFF}.AppStore|Any CPU.ActiveCfg = Release|Any CPU
		{E318DBD7-5D68-4C30-AF23-7BE6F43F8AFF}.AppStore|Any CPU.Build.0 = Release|Any CPU
		{E318DBD7-5D68-4C30-AF23-7BE6F43F8AFF}.AppStore|Any CPU.Deploy.0 = Release|Any CPU
		{E318DBD7-5D68-4C30-AF23-7BE6F43F8AFF}.AppStore|ARM.ActiveCfg = Release|Any CPU
		{E318DBD7-5D68-4C30-AF23-7BE6F43F8AFF}.AppStore|ARM.Build.0 = Release|Any CPU
		{E318DBD7-5D68-4C30-AF23-7BE6F43F8AFF}.AppStore|ARM.Deploy.0 = Release|Any CPU
		{E318DBD7-5D68-4C30-AF23-7BE6F43F8AFF}.AppStore|iPhone.ActiveCfg = Release|Any CPU
		{E318DBD7-5D68-4C30-AF23-7BE6F43F8AFF}.AppStore|iPhone.Build.0 = Release|Any CPU
		{E318DBD7-5D68-4C30-AF23-7BE6F43F8AFF}.AppStore|iPhone.Deploy.0 = Release|Any CPU
		{E318DBD7-5D68-4C30-AF23-7BE6F43F8AFF}.AppStore|iPhoneSimulator.ActiveCfg = Release|Any CPU
		{E318DBD7-5D68-4C30-AF23-7BE6F43F8AFF}.AppStore|iPhoneSimulator.Build.0 = Release|Any CPU
		{E318DBD7-5D68-4C30-AF23-7BE6F43F8AFF}.AppStore|iPhoneSimulator.Deploy.0 = Release|Any CPU
		{E318DBD7-5D68-4C30-AF23-7BE6F43F8AFF}.AppStore|x64.ActiveCfg = Release|Any CPU
		{E318DBD7-5D68-4C30-AF23-7BE6F43F8AFF}.AppStore|x64.Build.0 = Release|Any CPU
		{E318DBD7-5D68-4C30-AF23-7BE6F43F8AFF}.AppStore|x64.Deploy.0 = Release|Any CPU
		{E318DBD7-5D68-4C30-AF23-7BE6F43F8AFF}.AppStore|x86.ActiveCfg = Release|Any CPU
		{E318DBD7-5D68-4C30-AF23-7BE6F43F8AFF}.AppStore|x86.Build.0 = Release|Any CPU
		{E318DBD7-5D68-4C30-AF23-7BE6F43F8AFF}.AppStore|x86.Deploy.0 = Release|Any CPU
		{E318DBD7-5D68-4C30-AF23-7BE6F43F8AFF}.Debug|Any CPU.ActiveCfg = Debug|Any CPU
		{E318DBD7-5D68-4C30-AF23-7BE6F43F8AFF}.Debug|Any CPU.Build.0 = Debug|Any CPU
		{E318DBD7-5D68-4C30-AF23-7BE6F43F8AFF}.Debug|Any CPU.Deploy.0 = Debug|Any CPU
		{E318DBD7-5D68-4C30-AF23-7BE6F43F8AFF}.Debug|ARM.ActiveCfg = Debug|Any CPU
		{E318DBD7-5D68-4C30-AF23-7BE6F43F8AFF}.Debug|ARM.Build.0 = Debug|Any CPU
		{E318DBD7-5D68-4C30-AF23-7BE6F43F8AFF}.Debug|ARM.Deploy.0 = Debug|Any CPU
		{E318DBD7-5D68-4C30-AF23-7BE6F43F8AFF}.Debug|iPhone.ActiveCfg = Debug|Any CPU
		{E318DBD7-5D68-4C30-AF23-7BE6F43F8AFF}.Debug|iPhone.Build.0 = Debug|Any CPU
		{E318DBD7-5D68-4C30-AF23-7BE6F43F8AFF}.Debug|iPhone.Deploy.0 = Debug|Any CPU
		{E318DBD7-5D68-4C30-AF23-7BE6F43F8AFF}.Debug|iPhoneSimulator.ActiveCfg = Debug|Any CPU
		{E318DBD7-5D68-4C30-AF23-7BE6F43F8AFF}.Debug|iPhoneSimulator.Build.0 = Debug|Any CPU
		{E318DBD7-5D68-4C30-AF23-7BE6F43F8AFF}.Debug|iPhoneSimulator.Deploy.0 = Debug|Any CPU
		{E318DBD7-5D68-4C30-AF23-7BE6F43F8AFF}.Debug|x64.ActiveCfg = Debug|Any CPU
		{E318DBD7-5D68-4C30-AF23-7BE6F43F8AFF}.Debug|x64.Build.0 = Debug|Any CPU
		{E318DBD7-5D68-4C30-AF23-7BE6F43F8AFF}.Debug|x64.Deploy.0 = Debug|Any CPU
		{E318DBD7-5D68-4C30-AF23-7BE6F43F8AFF}.Debug|x86.ActiveCfg = Debug|Any CPU
		{E318DBD7-5D68-4C30-AF23-7BE6F43F8AFF}.Debug|x86.Build.0 = Debug|Any CPU
		{E318DBD7-5D68-4C30-AF23-7BE6F43F8AFF}.Debug|x86.Deploy.0 = Debug|Any CPU
		{E318DBD7-5D68-4C30-AF23-7BE6F43F8AFF}.Release|Any CPU.ActiveCfg = Release|Any CPU
		{E318DBD7-5D68-4C30-AF23-7BE6F43F8AFF}.Release|Any CPU.Build.0 = Release|Any CPU
		{E318DBD7-5D68-4C30-AF23-7BE6F43F8AFF}.Release|Any CPU.Deploy.0 = Release|Any CPU
		{E318DBD7-5D68-4C30-AF23-7BE6F43F8AFF}.Release|ARM.ActiveCfg = Release|Any CPU
		{E318DBD7-5D68-4C30-AF23-7BE6F43F8AFF}.Release|ARM.Build.0 = Release|Any CPU
		{E318DBD7-5D68-4C30-AF23-7BE6F43F8AFF}.Release|ARM.Deploy.0 = Release|Any CPU
		{E318DBD7-5D68-4C30-AF23-7BE6F43F8AFF}.Release|iPhone.ActiveCfg = Release|Any CPU
		{E318DBD7-5D68-4C30-AF23-7BE6F43F8AFF}.Release|iPhone.Build.0 = Release|Any CPU
		{E318DBD7-5D68-4C30-AF23-7BE6F43F8AFF}.Release|iPhone.Deploy.0 = Release|Any CPU
		{E318DBD7-5D68-4C30-AF23-7BE6F43F8AFF}.Release|iPhoneSimulator.ActiveCfg = Release|Any CPU
		{E318DBD7-5D68-4C30-AF23-7BE6F43F8AFF}.Release|iPhoneSimulator.Build.0 = Release|Any CPU
		{E318DBD7-5D68-4C30-AF23-7BE6F43F8AFF}.Release|iPhoneSimulator.Deploy.0 = Release|Any CPU
		{E318DBD7-5D68-4C30-AF23-7BE6F43F8AFF}.Release|x64.ActiveCfg = Release|Any CPU
		{E318DBD7-5D68-4C30-AF23-7BE6F43F8AFF}.Release|x64.Build.0 = Release|Any CPU
		{E318DBD7-5D68-4C30-AF23-7BE6F43F8AFF}.Release|x64.Deploy.0 = Release|Any CPU
		{E318DBD7-5D68-4C30-AF23-7BE6F43F8AFF}.Release|x86.ActiveCfg = Release|Any CPU
		{E318DBD7-5D68-4C30-AF23-7BE6F43F8AFF}.Release|x86.Build.0 = Release|Any CPU
		{E318DBD7-5D68-4C30-AF23-7BE6F43F8AFF}.Release|x86.Deploy.0 = Release|Any CPU
		{950C8E24-5EC3-472D-88FE-74D3F8190BD0}.Ad-Hoc|Any CPU.ActiveCfg = Ad-Hoc|iPhone
		{950C8E24-5EC3-472D-88FE-74D3F8190BD0}.Ad-Hoc|ARM.ActiveCfg = Ad-Hoc|iPhone
		{950C8E24-5EC3-472D-88FE-74D3F8190BD0}.Ad-Hoc|iPhone.ActiveCfg = Ad-Hoc|iPhone
		{950C8E24-5EC3-472D-88FE-74D3F8190BD0}.Ad-Hoc|iPhone.Build.0 = Ad-Hoc|iPhone
		{950C8E24-5EC3-472D-88FE-74D3F8190BD0}.Ad-Hoc|iPhoneSimulator.ActiveCfg = Ad-Hoc|iPhoneSimulator
		{950C8E24-5EC3-472D-88FE-74D3F8190BD0}.Ad-Hoc|iPhoneSimulator.Build.0 = Ad-Hoc|iPhoneSimulator
		{950C8E24-5EC3-472D-88FE-74D3F8190BD0}.Ad-Hoc|x64.ActiveCfg = Ad-Hoc|iPhone
		{950C8E24-5EC3-472D-88FE-74D3F8190BD0}.Ad-Hoc|x86.ActiveCfg = Ad-Hoc|iPhone
		{950C8E24-5EC3-472D-88FE-74D3F8190BD0}.AppStore|Any CPU.ActiveCfg = AppStore|iPhone
		{950C8E24-5EC3-472D-88FE-74D3F8190BD0}.AppStore|ARM.ActiveCfg = AppStore|iPhone
		{950C8E24-5EC3-472D-88FE-74D3F8190BD0}.AppStore|iPhone.ActiveCfg = AppStore|iPhone
		{950C8E24-5EC3-472D-88FE-74D3F8190BD0}.AppStore|iPhone.Build.0 = AppStore|iPhone
		{950C8E24-5EC3-472D-88FE-74D3F8190BD0}.AppStore|iPhoneSimulator.ActiveCfg = AppStore|iPhoneSimulator
		{950C8E24-5EC3-472D-88FE-74D3F8190BD0}.AppStore|iPhoneSimulator.Build.0 = AppStore|iPhoneSimulator
		{950C8E24-5EC3-472D-88FE-74D3F8190BD0}.AppStore|x64.ActiveCfg = AppStore|iPhone
		{950C8E24-5EC3-472D-88FE-74D3F8190BD0}.AppStore|x86.ActiveCfg = AppStore|iPhone
		{950C8E24-5EC3-472D-88FE-74D3F8190BD0}.Debug|Any CPU.ActiveCfg = Debug|iPhone
		{950C8E24-5EC3-472D-88FE-74D3F8190BD0}.Debug|ARM.ActiveCfg = Debug|iPhone
		{950C8E24-5EC3-472D-88FE-74D3F8190BD0}.Debug|iPhone.ActiveCfg = Debug|iPhone
		{950C8E24-5EC3-472D-88FE-74D3F8190BD0}.Debug|iPhone.Build.0 = Debug|iPhone
		{950C8E24-5EC3-472D-88FE-74D3F8190BD0}.Debug|iPhoneSimulator.ActiveCfg = Debug|iPhoneSimulator
		{950C8E24-5EC3-472D-88FE-74D3F8190BD0}.Debug|iPhoneSimulator.Build.0 = Debug|iPhoneSimulator
		{950C8E24-5EC3-472D-88FE-74D3F8190BD0}.Debug|x64.ActiveCfg = Debug|iPhone
		{950C8E24-5EC3-472D-88FE-74D3F8190BD0}.Debug|x86.ActiveCfg = Debug|iPhone
		{950C8E24-5EC3-472D-88FE-74D3F8190BD0}.Release|Any CPU.ActiveCfg = Release|iPhone
		{950C8E24-5EC3-472D-88FE-74D3F8190BD0}.Release|ARM.ActiveCfg = Release|iPhone
		{950C8E24-5EC3-472D-88FE-74D3F8190BD0}.Release|iPhone.ActiveCfg = Release|iPhone
		{950C8E24-5EC3-472D-88FE-74D3F8190BD0}.Release|iPhone.Build.0 = Release|iPhone
		{950C8E24-5EC3-472D-88FE-74D3F8190BD0}.Release|iPhoneSimulator.ActiveCfg = Release|iPhoneSimulator
		{950C8E24-5EC3-472D-88FE-74D3F8190BD0}.Release|iPhoneSimulator.Build.0 = Release|iPhoneSimulator
		{950C8E24-5EC3-472D-88FE-74D3F8190BD0}.Release|x64.ActiveCfg = Release|iPhone
		{950C8E24-5EC3-472D-88FE-74D3F8190BD0}.Release|x86.ActiveCfg = Release|iPhone
		{9D543B6C-1DF0-434A-A7E6-EC4DED7A4EF4}.Ad-Hoc|Any CPU.ActiveCfg = Release|x86
		{9D543B6C-1DF0-434A-A7E6-EC4DED7A4EF4}.Ad-Hoc|Any CPU.Build.0 = Release|x86
		{9D543B6C-1DF0-434A-A7E6-EC4DED7A4EF4}.Ad-Hoc|Any CPU.Deploy.0 = Release|x86
		{9D543B6C-1DF0-434A-A7E6-EC4DED7A4EF4}.Ad-Hoc|ARM.ActiveCfg = Release|ARM
		{9D543B6C-1DF0-434A-A7E6-EC4DED7A4EF4}.Ad-Hoc|ARM.Build.0 = Release|ARM
		{9D543B6C-1DF0-434A-A7E6-EC4DED7A4EF4}.Ad-Hoc|ARM.Deploy.0 = Release|ARM
		{9D543B6C-1DF0-434A-A7E6-EC4DED7A4EF4}.Ad-Hoc|iPhone.ActiveCfg = Release|x86
		{9D543B6C-1DF0-434A-A7E6-EC4DED7A4EF4}.Ad-Hoc|iPhone.Build.0 = Release|x86
		{9D543B6C-1DF0-434A-A7E6-EC4DED7A4EF4}.Ad-Hoc|iPhone.Deploy.0 = Release|x86
		{9D543B6C-1DF0-434A-A7E6-EC4DED7A4EF4}.Ad-Hoc|iPhoneSimulator.ActiveCfg = Release|x86
		{9D543B6C-1DF0-434A-A7E6-EC4DED7A4EF4}.Ad-Hoc|iPhoneSimulator.Build.0 = Release|x86
		{9D543B6C-1DF0-434A-A7E6-EC4DED7A4EF4}.Ad-Hoc|iPhoneSimulator.Deploy.0 = Release|x86
		{9D543B6C-1DF0-434A-A7E6-EC4DED7A4EF4}.Ad-Hoc|x64.ActiveCfg = Release|x64
		{9D543B6C-1DF0-434A-A7E6-EC4DED7A4EF4}.Ad-Hoc|x64.Build.0 = Release|x64
		{9D543B6C-1DF0-434A-A7E6-EC4DED7A4EF4}.Ad-Hoc|x64.Deploy.0 = Release|x64
		{9D543B6C-1DF0-434A-A7E6-EC4DED7A4EF4}.Ad-Hoc|x86.ActiveCfg = Release|x86
		{9D543B6C-1DF0-434A-A7E6-EC4DED7A4EF4}.Ad-Hoc|x86.Build.0 = Release|x86
		{9D543B6C-1DF0-434A-A7E6-EC4DED7A4EF4}.Ad-Hoc|x86.Deploy.0 = Release|x86
		{9D543B6C-1DF0-434A-A7E6-EC4DED7A4EF4}.AppStore|Any CPU.ActiveCfg = Release|x86
		{9D543B6C-1DF0-434A-A7E6-EC4DED7A4EF4}.AppStore|Any CPU.Build.0 = Release|x86
		{9D543B6C-1DF0-434A-A7E6-EC4DED7A4EF4}.AppStore|Any CPU.Deploy.0 = Release|x86
		{9D543B6C-1DF0-434A-A7E6-EC4DED7A4EF4}.AppStore|ARM.ActiveCfg = Release|ARM
		{9D543B6C-1DF0-434A-A7E6-EC4DED7A4EF4}.AppStore|ARM.Build.0 = Release|ARM
		{9D543B6C-1DF0-434A-A7E6-EC4DED7A4EF4}.AppStore|ARM.Deploy.0 = Release|ARM
		{9D543B6C-1DF0-434A-A7E6-EC4DED7A4EF4}.AppStore|iPhone.ActiveCfg = Release|x86
		{9D543B6C-1DF0-434A-A7E6-EC4DED7A4EF4}.AppStore|iPhone.Build.0 = Release|x86
		{9D543B6C-1DF0-434A-A7E6-EC4DED7A4EF4}.AppStore|iPhone.Deploy.0 = Release|x86
		{9D543B6C-1DF0-434A-A7E6-EC4DED7A4EF4}.AppStore|iPhoneSimulator.ActiveCfg = Release|x86
		{9D543B6C-1DF0-434A-A7E6-EC4DED7A4EF4}.AppStore|iPhoneSimulator.Build.0 = Release|x86
		{9D543B6C-1DF0-434A-A7E6-EC4DED7A4EF4}.AppStore|iPhoneSimulator.Deploy.0 = Release|x86
		{9D543B6C-1DF0-434A-A7E6-EC4DED7A4EF4}.AppStore|x64.ActiveCfg = Release|x64
		{9D543B6C-1DF0-434A-A7E6-EC4DED7A4EF4}.AppStore|x64.Build.0 = Release|x64
		{9D543B6C-1DF0-434A-A7E6-EC4DED7A4EF4}.AppStore|x64.Deploy.0 = Release|x64
		{9D543B6C-1DF0-434A-A7E6-EC4DED7A4EF4}.AppStore|x86.ActiveCfg = Release|x86
		{9D543B6C-1DF0-434A-A7E6-EC4DED7A4EF4}.AppStore|x86.Build.0 = Release|x86
		{9D543B6C-1DF0-434A-A7E6-EC4DED7A4EF4}.AppStore|x86.Deploy.0 = Release|x86
		{9D543B6C-1DF0-434A-A7E6-EC4DED7A4EF4}.Debug|Any CPU.ActiveCfg = Debug|x86
		{9D543B6C-1DF0-434A-A7E6-EC4DED7A4EF4}.Debug|ARM.ActiveCfg = Debug|ARM
		{9D543B6C-1DF0-434A-A7E6-EC4DED7A4EF4}.Debug|ARM.Build.0 = Debug|ARM
		{9D543B6C-1DF0-434A-A7E6-EC4DED7A4EF4}.Debug|ARM.Deploy.0 = Debug|ARM
		{9D543B6C-1DF0-434A-A7E6-EC4DED7A4EF4}.Debug|iPhone.ActiveCfg = Debug|x86
		{9D543B6C-1DF0-434A-A7E6-EC4DED7A4EF4}.Debug|iPhoneSimulator.ActiveCfg = Debug|x86
		{9D543B6C-1DF0-434A-A7E6-EC4DED7A4EF4}.Debug|x64.ActiveCfg = Debug|x64
		{9D543B6C-1DF0-434A-A7E6-EC4DED7A4EF4}.Debug|x64.Build.0 = Debug|x64
		{9D543B6C-1DF0-434A-A7E6-EC4DED7A4EF4}.Debug|x64.Deploy.0 = Debug|x64
		{9D543B6C-1DF0-434A-A7E6-EC4DED7A4EF4}.Debug|x86.ActiveCfg = Debug|x86
		{9D543B6C-1DF0-434A-A7E6-EC4DED7A4EF4}.Debug|x86.Build.0 = Debug|x86
		{9D543B6C-1DF0-434A-A7E6-EC4DED7A4EF4}.Debug|x86.Deploy.0 = Debug|x86
		{9D543B6C-1DF0-434A-A7E6-EC4DED7A4EF4}.Release|Any CPU.ActiveCfg = Release|x86
		{9D543B6C-1DF0-434A-A7E6-EC4DED7A4EF4}.Release|ARM.ActiveCfg = Release|ARM
		{9D543B6C-1DF0-434A-A7E6-EC4DED7A4EF4}.Release|ARM.Build.0 = Release|ARM
		{9D543B6C-1DF0-434A-A7E6-EC4DED7A4EF4}.Release|ARM.Deploy.0 = Release|ARM
		{9D543B6C-1DF0-434A-A7E6-EC4DED7A4EF4}.Release|iPhone.ActiveCfg = Release|x86
		{9D543B6C-1DF0-434A-A7E6-EC4DED7A4EF4}.Release|iPhoneSimulator.ActiveCfg = Release|x86
		{9D543B6C-1DF0-434A-A7E6-EC4DED7A4EF4}.Release|x64.ActiveCfg = Release|x64
		{9D543B6C-1DF0-434A-A7E6-EC4DED7A4EF4}.Release|x64.Build.0 = Release|x64
		{9D543B6C-1DF0-434A-A7E6-EC4DED7A4EF4}.Release|x64.Deploy.0 = Release|x64
		{9D543B6C-1DF0-434A-A7E6-EC4DED7A4EF4}.Release|x86.ActiveCfg = Release|x86
		{9D543B6C-1DF0-434A-A7E6-EC4DED7A4EF4}.Release|x86.Build.0 = Release|x86
		{9D543B6C-1DF0-434A-A7E6-EC4DED7A4EF4}.Release|x86.Deploy.0 = Release|x86
	EndGlobalSection
	GlobalSection(SolutionProperties) = preSolution
		HideSolutionNode = FALSE
	EndGlobalSection
	GlobalSection(ExtensibilityGlobals) = postSolution
		SolutionGuid = {0B9190B9-2F93-479D-8CB0-925BE26D83E4}
	EndGlobalSection
EndGlobal
